Microsoft Visual Studio Solution File, Format Version 12.00
# Visual Studio Version 17
VisualStudioVersion = 17.5.2.0
MinimumVisualStudioVersion = 10.0.40219.1
Project("{FAE04EC0-301F-11D3-BF4B-00C04F79EFBC}") = "KRiptoloji_odev_deneme", "KRiptoloji_odev_deneme.csproj", "{00A7B669-1FC0-421D-B52E-9DF646BFD979}"
EndProject
Global
	GlobalSection(SolutionConfigurationPlatforms) = preSolution
		Debug|Any CPU = Debug|Any CPU
		Release|Any CPU = Release|Any CPU
	EndGlobalSection
	GlobalSection(ProjectConfigurationPlatforms) = postSolution
		{00A7B669-1FC0-421D-B52E-9DF646BFD979}.Debug|Any CPU.ActiveCfg = Debug|Any CPU
		{00A7B669-1FC0-421D-B52E-9DF646BFD979}.Debug|Any CPU.Build.0 = Debug|Any CPU
		{00A7B669-1FC0-421D-B52E-9DF646BFD979}.Release|Any CPU.ActiveCfg = Release|Any CPU
		{00A7B669-1FC0-421D-B52E-9DF646BFD979}.Release|Any CPU.Build.0 = Release|Any CPU
	EndGlobalSection
	GlobalSection(SolutionProperties) = preSolution
		HideSolutionNode = FALSE
	EndGlobalSection
	GlobalSection(ExtensibilityGlobals) = postSolution
		SolutionGuid = {8420AE66-14D0-45B3-AE1E-81FDB3486E28}
	EndGlobalSection
EndGlobal
